
Microsoft Visual Studio Solution File, Format Version 12.00
# Visual Studio 15
VisualStudioVersion = 15.0.27004.2006
MinimumVisualStudioVersion = 10.0.40219.1
Project("{FAE04EC0-301F-11D3-BF4B-00C04F79EFBC}") = "ReeTail", "ReeTail\ReeTail.csproj", "{A2C20639-FAA2-44B0-B437-A4AE2157416B}"
EndProject
Global
	GlobalSection(SolutionConfigurationPlatforms) = preSolution
		Debug|Any CPU = Debug|Any CPU
		Release|Any CPU = Release|Any CPU
	EndGlobalSection
	GlobalSection(ProjectConfigurationPlatforms) = postSolution
		{A2C20639-FAA2-44B0-B437-A4AE2157416B}.Debug|Any CPU.ActiveCfg = Debug|Any CPU
		{A2C20639-FAA2-44B0-B437-A4AE2157416B}.Debug|Any CPU.Build.0 = Debug|Any CPU
		{A2C20639-FAA2-44B0-B437-A4AE2157416B}.Release|Any CPU.ActiveCfg = Release|Any CPU
		{A2C20639-FAA2-44B0-B437-A4AE2157416B}.Release|Any CPU.Build.0 = Release|Any CPU
	EndGlobalSection
	GlobalSection(SolutionProperties) = preSolution
		HideSolutionNode = FALSE
	EndGlobalSection
	GlobalSection(ExtensibilityGlobals) = postSolution
		SolutionGuid = {5A83F036-6A90-4B83-8E4F-6420B2E71037}
	EndGlobalSection
EndGlobal
