
Microsoft Visual Studio Solution File, Format Version 12.00
# Visual Studio 15
VisualStudioVersion = 15.0.27004.2006
MinimumVisualStudioVersion = 10.0.40219.1
Project("{FAE04EC0-301F-11D3-BF4B-00C04F79EFBC}") = "WhatDoYouCallIt", "WhatDoYouCallIt\WhatDoYouCallIt.csproj", "{95166D00-DBEB-4649-B86B-787557680173}"
EndProject
Global
	GlobalSection(SolutionConfigurationPlatforms) = preSolution
		Debug|Any CPU = Debug|Any CPU
		Release|Any CPU = Release|Any CPU
	EndGlobalSection
	GlobalSection(ProjectConfigurationPlatforms) = postSolution
		{95166D00-DBEB-4649-B86B-787557680173}.Debug|Any CPU.ActiveCfg = Debug|Any CPU
		{95166D00-DBEB-4649-B86B-787557680173}.Debug|Any CPU.Build.0 = Debug|Any CPU
		{95166D00-DBEB-4649-B86B-787557680173}.Release|Any CPU.ActiveCfg = Release|Any CPU
		{95166D00-DBEB-4649-B86B-787557680173}.Release|Any CPU.Build.0 = Release|Any CPU
	EndGlobalSection
	GlobalSection(SolutionProperties) = preSolution
		HideSolutionNode = FALSE
	EndGlobalSection
	GlobalSection(ExtensibilityGlobals) = postSolution
		SolutionGuid = {F1B2EEC5-A1D1-49E5-A524-1FDFA96FFA6C}
	EndGlobalSection
EndGlobal
